
Microsoft Visual Studio Solution File, Format Version 12.00
# Visual Studio Version 17
VisualStudioVersion = 17.4.33110.190
MinimumVisualStudioVersion = 10.0.40219.1
Project("{FAE04EC0-301F-11D3-BF4B-00C04F79EFBC}") = "AWFAWS", "AWFAWS.csproj", "{83D2EF2C-6E07-40B6-8509-E092D21B8177}"
EndProject
Global
	GlobalSection(SolutionConfigurationPlatforms) = preSolution
		Debug|Any CPU = Debug|Any CPU
		Release|Any CPU = Release|Any CPU
	EndGlobalSection
	GlobalSection(ProjectConfigurationPlatforms) = postSolution
		{83D2EF2C-6E07-40B6-8509-E092D21B8177}.Debug|Any CPU.ActiveCfg = Debug|Any CPU
		{83D2EF2C-6E07-40B6-8509-E092D21B8177}.Debug|Any CPU.Build.0 = Debug|Any CPU
		{83D2EF2C-6E07-40B6-8509-E092D21B8177}.Release|Any CPU.ActiveCfg = Release|Any CPU
		{83D2EF2C-6E07-40B6-8509-E092D21B8177}.Release|Any CPU.Build.0 = Release|Any CPU
	EndGlobalSection
	GlobalSection(SolutionProperties) = preSolution
		HideSolutionNode = FALSE
	EndGlobalSection
	GlobalSection(ExtensibilityGlobals) = postSolution
		SolutionGuid = {C1428FBE-4811-4030-B909-E434B752C30C}
	EndGlobalSection
EndGlobal
